// !$*UTF8*$!
{
	archiveVersion = 1;
	classes = {
	};
	objectVersion = 46;
	objects = {

/* Begin PBXBuildFile section */
		8BD548441A9393F400C483B7 /* main.m in Sources */ = {isa = PBXBuildFile; fileRef = 8BD548431A9393F400C483B7 /* main.m */; };
		8BD548471A9393F400C483B7 /* AppDelegate.m in Sources */ = {isa = PBXBuildFile; fileRef = 8BD548461A9393F400C483B7 /* AppDelegate.m */; };
		8BD5484A1A9393F400C483B7 /* CupSite.xcdatamodeld in Sources */ = {isa = PBXBuildFile; fileRef = 8BD548481A9393F400C483B7 /* CupSite.xcdatamodeld */; };
		8BD5484D1A9393F400C483B7 /* ViewController.m in Sources */ = {isa = PBXBuildFile; fileRef = 8BD5484C1A9393F400C483B7 /* ViewController.m */; };
		8BD548501A9393F400C483B7 /* Main.storyboard in Resources */ = {isa = PBXBuildFile; fileRef = 8BD5484E1A9393F400C483B7 /* Main.storyboard */; };
		8BD548521A9393F400C483B7 /* Images.xcassets in Resources */ = {isa = PBXBuildFile; fileRef = 8BD548511A9393F400C483B7 /* Images.xcassets */; };
		8BD548551A9393F400C483B7 /* LaunchScreen.xib in Resources */ = {isa = PBXBuildFile; fileRef = 8BD548531A9393F400C483B7 /* LaunchScreen.xib */; };
		8BD548611A9393F400C483B7 /* CupSiteTests.m in Sources */ = {isa = PBXBuildFile; fileRef = 8BD548601A9393F400C483B7 /* CupSiteTests.m */; };
		8BD5486C1A94294B00C483B7 /* HomeTable.m in Sources */ = {isa = PBXBuildFile; fileRef = 8BD5486B1A94294A00C483B7 /* HomeTable.m */; };
		8BD5486F1A94298100C483B7 /* CellTable.m in Sources */ = {isa = PBXBuildFile; fileRef = 8BD5486E1A94298100C483B7 /* CellTable.m */; };
		8BD5488D1A942DDC00C483B7 /* img_antro.jpg in Resources */ = {isa = PBXBuildFile; fileRef = 8BD5488C1A942DDC00C483B7 /* img_antro.jpg */; };
		8BD5488F1A94300700C483B7 /* img_antro2.jpg in Resources */ = {isa = PBXBuildFile; fileRef = 8BD5488E1A94300700C483B7 /* img_antro2.jpg */; };
		8BD548AA1A958A7600C483B7 /* NSObject+SBJson.m in Sources */ = {isa = PBXBuildFile; fileRef = 8BD548921A958A7600C483B7 /* NSObject+SBJson.m */; };
		8BD548AB1A958A7600C483B7 /* SBJsonParser.m in Sources */ = {isa = PBXBuildFile; fileRef = 8BD548951A958A7600C483B7 /* SBJsonParser.m */; };
		8BD548AC1A958A7600C483B7 /* SBJsonStreamParser.m in Sources */ = {isa = PBXBuildFile; fileRef = 8BD548971A958A7600C483B7 /* SBJsonStreamParser.m */; };
		8BD548AD1A958A7600C483B7 /* SBJsonStreamParserAccumulator.m in Sources */ = {isa = PBXBuildFile; fileRef = 8BD548991A958A7600C483B7 /* SBJsonStreamParserAccumulator.m */; };
		8BD548AE1A958A7600C483B7 /* SBJsonStreamParserAdapter.m in Sources */ = {isa = PBXBuildFile; fileRef = 8BD5489B1A958A7600C483B7 /* SBJsonStreamParserAdapter.m */; };
		8BD548AF1A958A7600C483B7 /* SBJsonStreamParserState.m in Sources */ = {isa = PBXBuildFile; fileRef = 8BD5489D1A958A7600C483B7 /* SBJsonStreamParserState.m */; };
		8BD548B01A958A7600C483B7 /* SBJsonStreamWriter.m in Sources */ = {isa = PBXBuildFile; fileRef = 8BD5489F1A958A7600C483B7 /* SBJsonStreamWriter.m */; };
		8BD548B11A958A7600C483B7 /* SBJsonStreamWriterAccumulator.m in Sources */ = {isa = PBXBuildFile; fileRef = 8BD548A11A958A7600C483B7 /* SBJsonStreamWriterAccumulator.m */; };
		8BD548B21A958A7600C483B7 /* SBJsonStreamWriterState.m in Sources */ = {isa = PBXBuildFile; fileRef = 8BD548A31A958A7600C483B7 /* SBJsonStreamWriterState.m */; };
		8BD548B31A958A7600C483B7 /* SBJsonTokeniser.m in Sources */ = {isa = PBXBuildFile; fileRef = 8BD548A51A958A7600C483B7 /* SBJsonTokeniser.m */; };
		8BD548B41A958A7600C483B7 /* SBJsonUTF8Stream.m in Sources */ = {isa = PBXBuildFile; fileRef = 8BD548A71A958A7600C483B7 /* SBJsonUTF8Stream.m */; };
		8BD548B51A958A7600C483B7 /* SBJsonWriter.m in Sources */ = {isa = PBXBuildFile; fileRef = 8BD548A91A958A7600C483B7 /* SBJsonWriter.m */; };
		8BD548B71A958ABB00C483B7 /* MobileCoreServices.framework in Frameworks */ = {isa = PBXBuildFile; fileRef = 8BD548B61A958ABB00C483B7 /* MobileCoreServices.framework */; };
		8BD548BA1A967CF300C483B7 /* GoogleMapsView.m in Sources */ = {isa = PBXBuildFile; fileRef = 8BD548B91A967CF300C483B7 /* GoogleMapsView.m */; };
		8BD548BC1A96902400C483B7 /* GoogleMaps.framework in Frameworks */ = {isa = PBXBuildFile; fileRef = 8BD548BB1A96902400C483B7 /* GoogleMaps.framework */; };
		8BD548BE1A96921900C483B7 /* GoogleMaps.bundle in Resources */ = {isa = PBXBuildFile; fileRef = 8BD548BD1A96921900C483B7 /* GoogleMaps.bundle */; };
		8BD548CB1A9693A600C483B7 /* AVFoundation.framework in Frameworks */ = {isa = PBXBuildFile; fileRef = 8BD548BF1A9693A500C483B7 /* AVFoundation.framework */; };
		8BD548CC1A9693A600C483B7 /* CoreData.framework in Frameworks */ = {isa = PBXBuildFile; fileRef = 8BD548C01A9693A500C483B7 /* CoreData.framework */; };
		8BD548CD1A9693A600C483B7 /* CoreLocation.framework in Frameworks */ = {isa = PBXBuildFile; fileRef = 8BD548C11A9693A500C483B7 /* CoreLocation.framework */; };
		8BD548CE1A9693A600C483B7 /* CoreText.framework in Frameworks */ = {isa = PBXBuildFile; fileRef = 8BD548C21A9693A500C483B7 /* CoreText.framework */; };
		8BD548CF1A9693A600C483B7 /* GLKit.framework in Frameworks */ = {isa = PBXBuildFile; fileRef = 8BD548C31A9693A500C483B7 /* GLKit.framework */; };
		8BD548D01A9693A600C483B7 /* ImageIO.framework in Frameworks */ = {isa = PBXBuildFile; fileRef = 8BD548C41A9693A500C483B7 /* ImageIO.framework */; };
		8BD548D11A9693A600C483B7 /* libc++.dylib in Frameworks */ = {isa = PBXBuildFile; fileRef = 8BD548C51A9693A600C483B7 /* libc++.dylib */; };
		8BD548D21A9693A600C483B7 /* libicucore.dylib in Frameworks */ = {isa = PBXBuildFile; fileRef = 8BD548C61A9693A600C483B7 /* libicucore.dylib */; };
		8BD548D31A9693A600C483B7 /* libz.dylib in Frameworks */ = {isa = PBXBuildFile; fileRef = 8BD548C71A9693A600C483B7 /* libz.dylib */; };
		8BD548D41A9693A600C483B7 /* OpenGLES.framework in Frameworks */ = {isa = PBXBuildFile; fileRef = 8BD548C81A9693A600C483B7 /* OpenGLES.framework */; };
		8BD548D51A9693A600C483B7 /* QuartzCore.framework in Frameworks */ = {isa = PBXBuildFile; fileRef = 8BD548C91A9693A600C483B7 /* QuartzCore.framework */; };
		8BD548D61A9693A600C483B7 /* SystemConfiguration.framework in Frameworks */ = {isa = PBXBuildFile; fileRef = 8BD548CA1A9693A600C483B7 /* SystemConfiguration.framework */; };
/* End PBXBuildFile section */

/* Begin PBXContainerItemProxy section */
		8BD5485B1A9393F400C483B7 /* PBXContainerItemProxy */ = {
			isa = PBXContainerItemProxy;
			containerPortal = 8BD548361A9393F300C483B7 /* Project object */;
			proxyType = 1;
			remoteGlobalIDString = 8BD5483D1A9393F300C483B7;
			remoteInfo = CupSite;
		};
/* End PBXContainerItemProxy section */

/* Begin PBXFileReference section */
		8BD5483E1A9393F400C483B7 /* CupSite.app */ = {isa = PBXFileReference; explicitFileType = wrapper.application; includeInIndex = 0; path = CupSite.app; sourceTree = BUILT_PRODUCTS_DIR; };
		8BD548421A9393F400C483B7 /* Info.plist */ = {isa = PBXFileReference; lastKnownFileType = text.plist.xml; path = Info.plist; sourceTree = "<group>"; };
		8BD548431A9393F400C483B7 /* main.m */ = {isa = PBXFileReference; lastKnownFileType = sourcecode.c.objc; path = main.m; sourceTree = "<group>"; };
		8BD548451A9393F400C483B7 /* AppDelegate.h */ = {isa = PBXFileReference; lastKnownFileType = sourcecode.c.h; path = AppDelegate.h; sourceTree = "<group>"; };
		8BD548461A9393F400C483B7 /* AppDelegate.m */ = {isa = PBXFileReference; lastKnownFileType = sourcecode.c.objc; path = AppDelegate.m; sourceTree = "<group>"; };
		8BD548491A9393F400C483B7 /* CupSite.xcdatamodel */ = {isa = PBXFileReference; lastKnownFileType = wrapper.xcdatamodel; path = CupSite.xcdatamodel; sourceTree = "<group>"; };
		8BD5484B1A9393F400C483B7 /* ViewController.h */ = {isa = PBXFileReference; lastKnownFileType = sourcecode.c.h; path = ViewController.h; sourceTree = "<group>"; };
		8BD5484C1A9393F400C483B7 /* ViewController.m */ = {isa = PBXFileReference; lastKnownFileType = sourcecode.c.objc; path = ViewController.m; sourceTree = "<group>"; };
		8BD5484F1A9393F400C483B7 /* Base */ = {isa = PBXFileReference; lastKnownFileType = file.storyboard; name = Base; path = Base.lproj/Main.storyboard; sourceTree = "<group>"; };
		8BD548511A9393F400C483B7 /* Images.xcassets */ = {isa = PBXFileReference; lastKnownFileType = folder.assetcatalog; path = Images.xcassets; sourceTree = "<group>"; };
		8BD548541A9393F400C483B7 /* Base */ = {isa = PBXFileReference; lastKnownFileType = file.xib; name = Base; path = Base.lproj/LaunchScreen.xib; sourceTree = "<group>"; };
		8BD5485A1A9393F400C483B7 /* CupSiteTests.xctest */ = {isa = PBXFileReference; explicitFileType = wrapper.cfbundle; includeInIndex = 0; path = CupSiteTests.xctest; sourceTree = BUILT_PRODUCTS_DIR; };
		8BD5485F1A9393F400C483B7 /* Info.plist */ = {isa = PBXFileReference; lastKnownFileType = text.plist.xml; path = Info.plist; sourceTree = "<group>"; };
		8BD548601A9393F400C483B7 /* CupSiteTests.m */ = {isa = PBXFileReference; lastKnownFileType = sourcecode.c.objc; path = CupSiteTests.m; sourceTree = "<group>"; };
		8BD5486A1A94294A00C483B7 /* HomeTable.h */ = {isa = PBXFileReference; fileEncoding = 4; lastKnownFileType = sourcecode.c.h; path = HomeTable.h; sourceTree = "<group>"; };
		8BD5486B1A94294A00C483B7 /* HomeTable.m */ = {isa = PBXFileReference; fileEncoding = 4; lastKnownFileType = sourcecode.c.objc; path = HomeTable.m; sourceTree = "<group>"; };
		8BD5486D1A94298100C483B7 /* CellTable.h */ = {isa = PBXFileReference; fileEncoding = 4; lastKnownFileType = sourcecode.c.h; path = CellTable.h; sourceTree = "<group>"; };
		8BD5486E1A94298100C483B7 /* CellTable.m */ = {isa = PBXFileReference; fileEncoding = 4; lastKnownFileType = sourcecode.c.objc; path = CellTable.m; sourceTree = "<group>"; };
		8BD5488C1A942DDC00C483B7 /* img_antro.jpg */ = {isa = PBXFileReference; lastKnownFileType = image.jpeg; path = img_antro.jpg; sourceTree = SOURCE_ROOT; };
		8BD5488E1A94300700C483B7 /* img_antro2.jpg */ = {isa = PBXFileReference; lastKnownFileType = image.jpeg; path = img_antro2.jpg; sourceTree = SOURCE_ROOT; };
		8BD548911A958A7600C483B7 /* NSObject+SBJson.h */ = {isa = PBXFileReference; fileEncoding = 4; lastKnownFileType = sourcecode.c.h; path = "NSObject+SBJson.h"; sourceTree = "<group>"; };
		8BD548921A958A7600C483B7 /* NSObject+SBJson.m */ = {isa = PBXFileReference; fileEncoding = 4; lastKnownFileType = sourcecode.c.objc; path = "NSObject+SBJson.m"; sourceTree = "<group>"; };
		8BD548931A958A7600C483B7 /* SBJson.h */ = {isa = PBXFileReference; fileEncoding = 4; lastKnownFileType = sourcecode.c.h; path = SBJson.h; sourceTree = "<group>"; };
		8BD548941A958A7600C483B7 /* SBJsonParser.h */ = {isa = PBXFileReference; fileEncoding = 4; lastKnownFileType = sourcecode.c.h; path = SBJsonParser.h; sourceTree = "<group>"; };
		8BD548951A958A7600C483B7 /* SBJsonParser.m */ = {isa = PBXFileReference; fileEncoding = 4; lastKnownFileType = sourcecode.c.objc; path = SBJsonParser.m; sourceTree = "<group>"; };
		8BD548961A958A7600C483B7 /* SBJsonStreamParser.h */ = {isa = PBXFileReference; fileEncoding = 4; lastKnownFileType = sourcecode.c.h; path = SBJsonStreamParser.h; sourceTree = "<group>"; };
		8BD548971A958A7600C483B7 /* SBJsonStreamParser.m */ = {isa = PBXFileReference; fileEncoding = 4; lastKnownFileType = sourcecode.c.objc; path = SBJsonStreamParser.m; sourceTree = "<group>"; };
		8BD548981A958A7600C483B7 /* SBJsonStreamParserAccumulator.h */ = {isa = PBXFileReference; fileEncoding = 4; lastKnownFileType = sourcecode.c.h; path = SBJsonStreamParserAccumulator.h; sourceTree = "<group>"; };
		8BD548991A958A7600C483B7 /* SBJsonStreamParserAccumulator.m */ = {isa = PBXFileReference; fileEncoding = 4; lastKnownFileType = sourcecode.c.objc; path = SBJsonStreamParserAccumulator.m; sourceTree = "<group>"; };
		8BD5489A1A958A7600C483B7 /* SBJsonStreamParserAdapter.h */ = {isa = PBXFileReference; fileEncoding = 4; lastKnownFileType = sourcecode.c.h; path = SBJsonStreamParserAdapter.h; sourceTree = "<group>"; };
		8BD5489B1A958A7600C483B7 /* SBJsonStreamParserAdapter.m */ = {isa = PBXFileReference; fileEncoding = 4; lastKnownFileType = sourcecode.c.objc; path = SBJsonStreamParserAdapter.m; sourceTree = "<group>"; };
		8BD5489C1A958A7600C483B7 /* SBJsonStreamParserState.h */ = {isa = PBXFileReference; fileEncoding = 4; lastKnownFileType = sourcecode.c.h; path = SBJsonStreamParserState.h; sourceTree = "<group>"; };
		8BD5489D1A958A7600C483B7 /* SBJsonStreamParserState.m */ = {isa = PBXFileReference; fileEncoding = 4; lastKnownFileType = sourcecode.c.objc; path = SBJsonStreamParserState.m; sourceTree = "<group>"; };
		8BD5489E1A958A7600C483B7 /* SBJsonStreamWriter.h */ = {isa = PBXFileReference; fileEncoding = 4; lastKnownFileType = sourcecode.c.h; path = SBJsonStreamWriter.h; sourceTree = "<group>"; };
		8BD5489F1A958A7600C483B7 /* SBJsonStreamWriter.m */ = {isa = PBXFileReference; fileEncoding = 4; lastKnownFileType = sourcecode.c.objc; path = SBJsonStreamWriter.m; sourceTree = "<group>"; };
		8BD548A01A958A7600C483B7 /* SBJsonStreamWriterAccumulator.h */ = {isa = PBXFileReference; fileEncoding = 4; lastKnownFileType = sourcecode.c.h; path = SBJsonStreamWriterAccumulator.h; sourceTree = "<group>"; };
		8BD548A11A958A7600C483B7 /* SBJsonStreamWriterAccumulator.m */ = {isa = PBXFileReference; fileEncoding = 4; lastKnownFileType = sourcecode.c.objc; path = SBJsonStreamWriterAccumulator.m; sourceTree = "<group>"; };
		8BD548A21A958A7600C483B7 /* SBJsonStreamWriterState.h */ = {isa = PBXFileReference; fileEncoding = 4; lastKnownFileType = sourcecode.c.h; path = SBJsonStreamWriterState.h; sourceTree = "<group>"; };
		8BD548A31A958A7600C483B7 /* SBJsonStreamWriterState.m */ = {isa = PBXFileReference; fileEncoding = 4; lastKnownFileType = sourcecode.c.objc; path = SBJsonStreamWriterState.m; sourceTree = "<group>"; };
		8BD548A41A958A7600C483B7 /* SBJsonTokeniser.h */ = {isa = PBXFileReference; fileEncoding = 4; lastKnownFileType = sourcecode.c.h; path = SBJsonTokeniser.h; sourceTree = "<group>"; };
		8BD548A51A958A7600C483B7 /* SBJsonTokeniser.m */ = {isa = PBXFileReference; fileEncoding = 4; lastKnownFileType = sourcecode.c.objc; path = SBJsonTokeniser.m; sourceTree = "<group>"; };
		8BD548A61A958A7600C483B7 /* SBJsonUTF8Stream.h */ = {isa = PBXFileReference; fileEncoding = 4; lastKnownFileType = sourcecode.c.h; path = SBJsonUTF8Stream.h; sourceTree = "<group>"; };
		8BD548A71A958A7600C483B7 /* SBJsonUTF8Stream.m */ = {isa = PBXFileReference; fileEncoding = 4; lastKnownFileType = sourcecode.c.objc; path = SBJsonUTF8Stream.m; sourceTree = "<group>"; };
		8BD548A81A958A7600C483B7 /* SBJsonWriter.h */ = {isa = PBXFileReference; fileEncoding = 4; lastKnownFileType = sourcecode.c.h; path = SBJsonWriter.h; sourceTree = "<group>"; };
		8BD548A91A958A7600C483B7 /* SBJsonWriter.m */ = {isa = PBXFileReference; fileEncoding = 4; lastKnownFileType = sourcecode.c.objc; path = SBJsonWriter.m; sourceTree = "<group>"; };
		8BD548B61A958ABB00C483B7 /* MobileCoreServices.framework */ = {isa = PBXFileReference; lastKnownFileType = wrapper.framework; name = MobileCoreServices.framework; path = System/Library/Frameworks/MobileCoreServices.framework; sourceTree = SDKROOT; };
		8BD548B81A967CF300C483B7 /* GoogleMapsView.h */ = {isa = PBXFileReference; fileEncoding = 4; lastKnownFileType = sourcecode.c.h; path = GoogleMapsView.h; sourceTree = "<group>"; };
		8BD548B91A967CF300C483B7 /* GoogleMapsView.m */ = {isa = PBXFileReference; fileEncoding = 4; lastKnownFileType = sourcecode.c.objc; path = GoogleMapsView.m; sourceTree = "<group>"; };
		8BD548BB1A96902400C483B7 /* GoogleMaps.framework */ = {isa = PBXFileReference; lastKnownFileType = wrapper.framework; name = GoogleMaps.framework; path = GoogleMaps/GoogleMaps.framework; sourceTree = "<group>"; };
		8BD548BD1A96921900C483B7 /* GoogleMaps.bundle */ = {isa = PBXFileReference; lastKnownFileType = "wrapper.plug-in"; name = GoogleMaps.bundle; path = GoogleMaps/GoogleMaps.framework/Versions/A/Resources/GoogleMaps.bundle; sourceTree = "<group>"; };
		8BD548BF1A9693A500C483B7 /* AVFoundation.framework */ = {isa = PBXFileReference; lastKnownFileType = wrapper.framework; name = AVFoundation.framework; path = System/Library/Frameworks/AVFoundation.framework; sourceTree = SDKROOT; };
		8BD548C01A9693A500C483B7 /* CoreData.framework */ = {isa = PBXFileReference; lastKnownFileType = wrapper.framework; name = CoreData.framework; path = System/Library/Frameworks/CoreData.framework; sourceTree = SDKROOT; };
		8BD548C11A9693A500C483B7 /* CoreLocation.framework */ = {isa = PBXFileReference; lastKnownFileType = wrapper.framework; name = CoreLocation.framework; path = System/Library/Frameworks/CoreLocation.framework; sourceTree = SDKROOT; };
		8BD548C21A9693A500C483B7 /* CoreText.framework */ = {isa = PBXFileReference; lastKnownFileType = wrapper.framework; name = CoreText.framework; path = System/Library/Frameworks/CoreText.framework; sourceTree = SDKROOT; };
		8BD548C31A9693A500C483B7 /* GLKit.framework */ = {isa = PBXFileReference; lastKnownFileType = wrapper.framework; name = GLKit.framework; path = System/Library/Frameworks/GLKit.framework; sourceTree = SDKROOT; };
		8BD548C41A9693A500C483B7 /* ImageIO.framework */ = {isa = PBXFileReference; lastKnownFileType = wrapper.framework; name = ImageIO.framework; path = System/Library/Frameworks/ImageIO.framework; sourceTree = SDKROOT; };
		8BD548C51A9693A600C483B7 /* libc++.dylib */ = {isa = PBXFileReference; lastKnownFileType = "compiled.mach-o.dylib"; name = "libc++.dylib"; path = "usr/lib/libc++.dylib"; sourceTree = SDKROOT; };
		8BD548C61A9693A600C483B7 /* libicucore.dylib */ = {isa = PBXFileReference; lastKnownFileType = "compiled.mach-o.dylib"; name = libicucore.dylib; path = usr/lib/libicucore.dylib; sourceTree = SDKROOT; };
		8BD548C71A9693A600C483B7 /* libz.dylib */ = {isa = PBXFileReference; lastKnownFileType = "compiled.mach-o.dylib"; name = libz.dylib; path = usr/lib/libz.dylib; sourceTree = SDKROOT; };
		8BD548C81A9693A600C483B7 /* OpenGLES.framework */ = {isa = PBXFileReference; lastKnownFileType = wrapper.framework; name = OpenGLES.framework; path = System/Library/Frameworks/OpenGLES.framework; sourceTree = SDKROOT; };
		8BD548C91A9693A600C483B7 /* QuartzCore.framework */ = {isa = PBXFileReference; lastKnownFileType = wrapper.framework; name = QuartzCore.framework; path = System/Library/Frameworks/QuartzCore.framework; sourceTree = SDKROOT; };
		8BD548CA1A9693A600C483B7 /* SystemConfiguration.framework */ = {isa = PBXFileReference; lastKnownFileType = wrapper.framework; name = SystemConfiguration.framework; path = System/Library/Frameworks/SystemConfiguration.framework; sourceTree = SDKROOT; };
/* End PBXFileReference section */

/* Begin PBXFrameworksBuildPhase section */
		8BD5483B1A9393F300C483B7 /* Frameworks */ = {
			isa = PBXFrameworksBuildPhase;
			buildActionMask = 2147483647;
			files = (
				8BD548CB1A9693A600C483B7 /* AVFoundation.framework in Frameworks */,
				8BD548CC1A9693A600C483B7 /* CoreData.framework in Frameworks */,
				8BD548CD1A9693A600C483B7 /* CoreLocation.framework in Frameworks */,
				8BD548CE1A9693A600C483B7 /* CoreText.framework in Frameworks */,
				8BD548CF1A9693A600C483B7 /* GLKit.framework in Frameworks */,
				8BD548D01A9693A600C483B7 /* ImageIO.framework in Frameworks */,
				8BD548D11A9693A600C483B7 /* libc++.dylib in Frameworks */,
				8BD548D21A9693A600C483B7 /* libicucore.dylib in Frameworks */,
				8BD548D31A9693A600C483B7 /* libz.dylib in Frameworks */,
				8BD548D41A9693A600C483B7 /* OpenGLES.framework in Frameworks */,
				8BD548D51A9693A600C483B7 /* QuartzCore.framework in Frameworks */,
				8BD548D61A9693A600C483B7 /* SystemConfiguration.framework in Frameworks */,
				8BD548BC1A96902400C483B7 /* GoogleMaps.framework in Frameworks */,
				8BD548B71A958ABB00C483B7 /* MobileCoreServices.framework in Frameworks */,
			);
			runOnlyForDeploymentPostprocessing = 0;
		};
		8BD548571A9393F400C483B7 /* Frameworks */ = {
			isa = PBXFrameworksBuildPhase;
			buildActionMask = 2147483647;
			files = (
			);
			runOnlyForDeploymentPostprocessing = 0;
		};
/* End PBXFrameworksBuildPhase section */

/* Begin PBXGroup section */
		8BD548351A9393F300C483B7 = {
			isa = PBXGroup;
			children = (
				8BD548BF1A9693A500C483B7 /* AVFoundation.framework */,
				8BD548C01A9693A500C483B7 /* CoreData.framework */,
				8BD548C11A9693A500C483B7 /* CoreLocation.framework */,
				8BD548C21A9693A500C483B7 /* CoreText.framework */,
				8BD548C31A9693A500C483B7 /* GLKit.framework */,
				8BD548C41A9693A500C483B7 /* ImageIO.framework */,
				8BD548C51A9693A600C483B7 /* libc++.dylib */,
				8BD548C61A9693A600C483B7 /* libicucore.dylib */,
				8BD548C71A9693A600C483B7 /* libz.dylib */,
				8BD548C81A9693A600C483B7 /* OpenGLES.framework */,
				8BD548C91A9693A600C483B7 /* QuartzCore.framework */,
				8BD548CA1A9693A600C483B7 /* SystemConfiguration.framework */,
				8BD548B61A958ABB00C483B7 /* MobileCoreServices.framework */,
				8BD548401A9393F400C483B7 /* CupSite */,
				8BD5485D1A9393F400C483B7 /* CupSiteTests */,
				8BD5483F1A9393F400C483B7 /* Products */,
			);
			sourceTree = "<group>";
		};
		8BD5483F1A9393F400C483B7 /* Products */ = {
			isa = PBXGroup;
			children = (
				8BD5483E1A9393F400C483B7 /* CupSite.app */,
				8BD5485A1A9393F400C483B7 /* CupSiteTests.xctest */,
			);
			name = Products;
			sourceTree = "<group>";
		};
		8BD548401A9393F400C483B7 /* CupSite */ = {
			isa = PBXGroup;
			children = (
				8BD548BD1A96921900C483B7 /* GoogleMaps.bundle */,
				8BD548BB1A96902400C483B7 /* GoogleMaps.framework */,
				8BD548901A958A7600C483B7 /* json */,
				8BD5488E1A94300700C483B7 /* img_antro2.jpg */,
				8BD5488C1A942DDC00C483B7 /* img_antro.jpg */,
				8BD548451A9393F400C483B7 /* AppDelegate.h */,
				8BD548461A9393F400C483B7 /* AppDelegate.m */,
				8BD5486A1A94294A00C483B7 /* HomeTable.h */,
				8BD5486B1A94294A00C483B7 /* HomeTable.m */,
				8BD5486D1A94298100C483B7 /* CellTable.h */,
				8BD5486E1A94298100C483B7 /* CellTable.m */,
				8BD5484B1A9393F400C483B7 /* ViewController.h */,
				8BD5484C1A9393F400C483B7 /* ViewController.m */,
				8BD548B81A967CF300C483B7 /* GoogleMapsView.h */,
				8BD548B91A967CF300C483B7 /* GoogleMapsView.m */,
				8BD5484E1A9393F400C483B7 /* Main.storyboard */,
				8BD548511A9393F400C483B7 /* Images.xcassets */,
				8BD548531A9393F400C483B7 /* LaunchScreen.xib */,
				8BD548481A9393F400C483B7 /* CupSite.xcdatamodeld */,
				8BD548411A9393F400C483B7 /* Supporting Files */,
			);
			path = CupSite;
			sourceTree = "<group>";
		};
		8BD548411A9393F400C483B7 /* Supporting Files */ = {
			isa = PBXGroup;
			children = (
				8BD548421A9393F400C483B7 /* Info.plist */,
				8BD548431A9393F400C483B7 /* main.m */,
			);
			name = "Supporting Files";
			sourceTree = "<group>";
		};
		8BD5485D1A9393F400C483B7 /* CupSiteTests */ = {
			isa = PBXGroup;
			children = (
				8BD548601A9393F400C483B7 /* CupSiteTests.m */,
				8BD5485E1A9393F400C483B7 /* Supporting Files */,
			);
			path = CupSiteTests;
			sourceTree = "<group>";
		};
		8BD5485E1A9393F400C483B7 /* Supporting Files */ = {
			isa = PBXGroup;
			children = (
				8BD5485F1A9393F400C483B7 /* Info.plist */,
			);
			name = "Supporting Files";
			sourceTree = "<group>";
		};
		8BD548901A958A7600C483B7 /* json */ = {
			isa = PBXGroup;
			children = (
				8BD548911A958A7600C483B7 /* NSObject+SBJson.h */,
				8BD548921A958A7600C483B7 /* NSObject+SBJson.m */,
				8BD548931A958A7600C483B7 /* SBJson.h */,
				8BD548941A958A7600C483B7 /* SBJsonParser.h */,
				8BD548951A958A7600C483B7 /* SBJsonParser.m */,
				8BD548961A958A7600C483B7 /* SBJsonStreamParser.h */,
				8BD548971A958A7600C483B7 /* SBJsonStreamParser.m */,
				8BD548981A958A7600C483B7 /* SBJsonStreamParserAccumulator.h */,
				8BD548991A958A7600C483B7 /* SBJsonStreamParserAccumulator.m */,
				8BD5489A1A958A7600C483B7 /* SBJsonStreamParserAdapter.h */,
				8BD5489B1A958A7600C483B7 /* SBJsonStreamParserAdapter.m */,
				8BD5489C1A958A7600C483B7 /* SBJsonStreamParserState.h */,
				8BD5489D1A958A7600C483B7 /* SBJsonStreamParserState.m */,
				8BD5489E1A958A7600C483B7 /* SBJsonStreamWriter.h */,
				8BD5489F1A958A7600C483B7 /* SBJsonStreamWriter.m */,
				8BD548A01A958A7600C483B7 /* SBJsonStreamWriterAccumulator.h */,
				8BD548A11A958A7600C483B7 /* SBJsonStreamWriterAccumulator.m */,
				8BD548A21A958A7600C483B7 /* SBJsonStreamWriterState.h */,
				8BD548A31A958A7600C483B7 /* SBJsonStreamWriterState.m */,
				8BD548A41A958A7600C483B7 /* SBJsonTokeniser.h */,
				8BD548A51A958A7600C483B7 /* SBJsonTokeniser.m */,
				8BD548A61A958A7600C483B7 /* SBJsonUTF8Stream.h */,
				8BD548A71A958A7600C483B7 /* SBJsonUTF8Stream.m */,
				8BD548A81A958A7600C483B7 /* SBJsonWriter.h */,
				8BD548A91A958A7600C483B7 /* SBJsonWriter.m */,
			);
			path = json;
			sourceTree = "<group>";
		};
/* End PBXGroup section */

/* Begin PBXNativeTarget section */
		8BD5483D1A9393F300C483B7 /* CupSite */ = {
			isa = PBXNativeTarget;
			buildConfigurationList = 8BD548641A9393F500C483B7 /* Build configuration list for PBXNativeTarget "CupSite" */;
			buildPhases = (
				8BD5483A1A9393F300C483B7 /* Sources */,
				8BD5483B1A9393F300C483B7 /* Frameworks */,
				8BD5483C1A9393F300C483B7 /* Resources */,
			);
			buildRules = (
			);
			dependencies = (
			);
			name = CupSite;
			productName = CupSite;
			productReference = 8BD5483E1A9393F400C483B7 /* CupSite.app */;
			productType = "com.apple.product-type.application";
		};
		8BD548591A9393F400C483B7 /* CupSiteTests */ = {
			isa = PBXNativeTarget;
			buildConfigurationList = 8BD548671A9393F500C483B7 /* Build configuration list for PBXNativeTarget "CupSiteTests" */;
			buildPhases = (
				8BD548561A9393F400C483B7 /* Sources */,
				8BD548571A9393F400C483B7 /* Frameworks */,
				8BD548581A9393F400C483B7 /* Resources */,
			);
			buildRules = (
			);
			dependencies = (
				8BD5485C1A9393F400C483B7 /* PBXTargetDependency */,
			);
			name = CupSiteTests;
			productName = CupSiteTests;
			productReference = 8BD5485A1A9393F400C483B7 /* CupSiteTests.xctest */;
			productType = "com.apple.product-type.bundle.unit-test";
		};
/* End PBXNativeTarget section */

/* Begin PBXProject section */
		8BD548361A9393F300C483B7 /* Project object */ = {
			isa = PBXProject;
			attributes = {
				LastUpgradeCheck = 0610;
				ORGANIZATIONNAME = Benjas;
				TargetAttributes = {
					8BD5483D1A9393F300C483B7 = {
						CreatedOnToolsVersion = 6.1.1;
					};
					8BD548591A9393F400C483B7 = {
						CreatedOnToolsVersion = 6.1.1;
						TestTargetID = 8BD5483D1A9393F300C483B7;
					};
				};
			};
			buildConfigurationList = 8BD548391A9393F300C483B7 /* Build configuration list for PBXProject "CupSite" */;
			compatibilityVersion = "Xcode 3.2";
			developmentRegion = English;
			hasScannedForEncodings = 0;
			knownRegions = (
				en,
				Base,
			);
			mainGroup = 8BD548351A9393F300C483B7;
			productRefGroup = 8BD5483F1A9393F400C483B7 /* Products */;
			projectDirPath = "";
			projectRoot = "";
			targets = (
				8BD5483D1A9393F300C483B7 /* CupSite */,
				8BD548591A9393F400C483B7 /* CupSiteTests */,
			);
		};
/* End PBXProject section */

/* Begin PBXResourcesBuildPhase section */
		8BD5483C1A9393F300C483B7 /* Resources */ = {
			isa = PBXResourcesBuildPhase;
			buildActionMask = 2147483647;
			files = (
				8BD5488D1A942DDC00C483B7 /* img_antro.jpg in Resources */,
				8BD548501A9393F400C483B7 /* Main.storyboard in Resources */,
				8BD5488F1A94300700C483B7 /* img_antro2.jpg in Resources */,
				8BD548BE1A96921900C483B7 /* GoogleMaps.bundle in Resources */,
				8BD548551A9393F400C483B7 /* LaunchScreen.xib in Resources */,
				8BD548521A9393F400C483B7 /* Images.xcassets in Resources */,
			);
			runOnlyForDeploymentPostprocessing = 0;
		};
		8BD548581A9393F400C483B7 /* Resources */ = {
			isa = PBXResourcesBuildPhase;
			buildActionMask = 2147483647;
			files = (
			);
			runOnlyForDeploymentPostprocessing = 0;
		};
/* End PBXResourcesBuildPhase section */

/* Begin PBXSourcesBuildPhase section */
		8BD5483A1A9393F300C483B7 /* Sources */ = {
			isa = PBXSourcesBuildPhase;
			buildActionMask = 2147483647;
			files = (
				8BD548AD1A958A7600C483B7 /* SBJsonStreamParserAccumulator.m in Sources */,
				8BD548471A9393F400C483B7 /* AppDelegate.m in Sources */,
				8BD548B41A958A7600C483B7 /* SBJsonUTF8Stream.m in Sources */,
				8BD548441A9393F400C483B7 /* main.m in Sources */,
				8BD5486F1A94298100C483B7 /* CellTable.m in Sources */,
				8BD5484D1A9393F400C483B7 /* ViewController.m in Sources */,
				8BD5486C1A94294B00C483B7 /* HomeTable.m in Sources */,
				8BD548AB1A958A7600C483B7 /* SBJsonParser.m in Sources */,
				8BD548BA1A967CF300C483B7 /* GoogleMapsView.m in Sources */,
				8BD548B01A958A7600C483B7 /* SBJsonStreamWriter.m in Sources */,
				8BD548AC1A958A7600C483B7 /* SBJsonStreamParser.m in Sources */,
				8BD548B21A958A7600C483B7 /* SBJsonStreamWriterState.m in Sources */,
				8BD548AE1A958A7600C483B7 /* SBJsonStreamParserAdapter.m in Sources */,
				8BD548B11A958A7600C483B7 /* SBJsonStreamWriterAccumulator.m in Sources */,
				8BD548B51A958A7600C483B7 /* SBJsonWriter.m in Sources */,
				8BD548AF1A958A7600C483B7 /* SBJsonStreamParserState.m in Sources */,
				8BD5484A1A9393F400C483B7 /* CupSite.xcdatamodeld in Sources */,
				8BD548AA1A958A7600C483B7 /* NSObject+SBJson.m in Sources */,
				8BD548B31A958A7600C483B7 /* SBJsonTokeniser.m in Sources */,
			);
			runOnlyForDeploymentPostprocessing = 0;
		};
		8BD548561A9393F400C483B7 /* Sources */ = {
			isa = PBXSourcesBuildPhase;
			buildActionMask = 2147483647;
			files = (
				8BD548611A9393F400C483B7 /* CupSiteTests.m in Sources */,
			);
			runOnlyForDeploymentPostprocessing = 0;
		};
/* End PBXSourcesBuildPhase section */

/* Begin PBXTargetDependency section */
		8BD5485C1A9393F400C483B7 /* PBXTargetDependency */ = {
			isa = PBXTargetDependency;
			target = 8BD5483D1A9393F300C483B7 /* CupSite */;
			targetProxy = 8BD5485B1A9393F400C483B7 /* PBXContainerItemProxy */;
		};
/* End PBXTargetDependency section */

/* Begin PBXVariantGroup section */
		8BD5484E1A9393F400C483B7 /* Main.storyboard */ = {
			isa = PBXVariantGroup;
			children = (
				8BD5484F1A9393F400C483B7 /* Base */,
			);
			name = Main.storyboard;
			sourceTree = "<group>";
		};
		8BD548531A9393F400C483B7 /* LaunchScreen.xib */ = {
			isa = PBXVariantGroup;
			children = (
				8BD548541A9393F400C483B7 /* Base */,
			);
			name = LaunchScreen.xib;
			sourceTree = "<group>";
		};
/* End PBXVariantGroup section */

/* Begin XCBuildConfiguration section */
		8BD548621A9393F500C483B7 /* Debug */ = {
			isa = XCBuildConfiguration;
			buildSettings = {
				ALWAYS_SEARCH_USER_PATHS = NO;
				CLANG_CXX_LANGUAGE_STANDARD = "gnu++0x";
				CLANG_CXX_LIBRARY = "libc++";
				CLANG_ENABLE_MODULES = YES;
				CLANG_ENABLE_OBJC_ARC = YES;
				CLANG_WARN_BOOL_CONVERSION = YES;
				CLANG_WARN_CONSTANT_CONVERSION = YES;
				CLANG_WARN_DIRECT_OBJC_ISA_USAGE = YES_ERROR;
				CLANG_WARN_EMPTY_BODY = YES;
				CLANG_WARN_ENUM_CONVERSION = YES;
				CLANG_WARN_INT_CONVERSION = YES;
				CLANG_WARN_OBJC_ROOT_CLASS = YES_ERROR;
				CLANG_WARN_UNREACHABLE_CODE = YES;
				CLANG_WARN__DUPLICATE_METHOD_MATCH = YES;
				"CODE_SIGN_IDENTITY[sdk=iphoneos*]" = "iPhone Developer";
				COPY_PHASE_STRIP = NO;
				ENABLE_STRICT_OBJC_MSGSEND = YES;
				GCC_C_LANGUAGE_STANDARD = gnu99;
				GCC_DYNAMIC_NO_PIC = NO;
				GCC_OPTIMIZATION_LEVEL = 0;
				GCC_PREPROCESSOR_DEFINITIONS = (
					"DEBUG=1",
					"$(inherited)",
				);
				GCC_SYMBOLS_PRIVATE_EXTERN = NO;
				GCC_WARN_64_TO_32_BIT_CONVERSION = YES;
				GCC_WARN_ABOUT_RETURN_TYPE = YES_ERROR;
				GCC_WARN_UNDECLARED_SELECTOR = YES;
				GCC_WARN_UNINITIALIZED_AUTOS = YES_AGGRESSIVE;
				GCC_WARN_UNUSED_FUNCTION = YES;
				GCC_WARN_UNUSED_VARIABLE = YES;
				IPHONEOS_DEPLOYMENT_TARGET = 8.1;
				MTL_ENABLE_DEBUG_INFO = YES;
				ONLY_ACTIVE_ARCH = YES;
				OTHER_LDFLAGS = "-ObjC";
				SDKROOT = iphoneos;
				TARGETED_DEVICE_FAMILY = "1,2";
			};
			name = Debug;
		};
		8BD548631A9393F500C483B7 /* Release */ = {
			isa = XCBuildConfiguration;
			buildSettings = {
				ALWAYS_SEARCH_USER_PATHS = NO;
				CLANG_CXX_LANGUAGE_STANDARD = "gnu++0x";
				CLANG_CXX_LIBRARY = "libc++";
				CLANG_ENABLE_MODULES = YES;
				CLANG_ENABLE_OBJC_ARC = YES;
				CLANG_WARN_BOOL_CONVERSION = YES;
				CLANG_WARN_CONSTANT_CONVERSION = YES;
				CLANG_WARN_DIRECT_OBJC_ISA_USAGE = YES_ERROR;
				CLANG_WARN_EMPTY_BODY = YES;
				CLANG_WARN_ENUM_CONVERSION = YES;
				CLANG_WARN_INT_CONVERSION = YES;
				CLANG_WARN_OBJC_ROOT_CLASS = YES_ERROR;
				CLANG_WARN_UNREACHABLE_CODE = YES;
				CLANG_WARN__DUPLICATE_METHOD_MATCH = YES;
				"CODE_SIGN_IDENTITY[sdk=iphoneos*]" = "iPhone Developer";
				COPY_PHASE_STRIP = YES;
				ENABLE_NS_ASSERTIONS = NO;
				ENABLE_STRICT_OBJC_MSGSEND = YES;
				GCC_C_LANGUAGE_STANDARD = gnu99;
				GCC_WARN_64_TO_32_BIT_CONVERSION = YES;
				GCC_WARN_ABOUT_RETURN_TYPE = YES_ERROR;
				GCC_WARN_UNDECLARED_SELECTOR = YES;
				GCC_WARN_UNINITIALIZED_AUTOS = YES_AGGRESSIVE;
				GCC_WARN_UNUSED_FUNCTION = YES;
				GCC_WARN_UNUSED_VARIABLE = YES;
				IPHONEOS_DEPLOYMENT_TARGET = 8.1;
				MTL_ENABLE_DEBUG_INFO = NO;
				OTHER_LDFLAGS = "-ObjC";
				SDKROOT = iphoneos;
				TARGETED_DEVICE_FAMILY = "1,2";
				VALIDATE_PRODUCT = YES;
			};
			name = Release;
		};
		8BD548651A9393F500C483B7 /* Debug */ = {
			isa = XCBuildConfiguration;
			buildSettings = {
				ASSETCATALOG_COMPILER_APPICON_NAME = AppIcon;
				FRAMEWORK_SEARCH_PATHS = (
					"$(inherited)",
					"$(PROJECT_DIR)/CupSite/GoogleMaps",
				);
				INFOPLIST_FILE = CupSite/Info.plist;
				LD_RUNPATH_SEARCH_PATHS = "$(inherited) @executable_path/Frameworks";
				PRODUCT_NAME = "$(TARGET_NAME)";
			};
			name = Debug;
		};
		8BD548661A9393F500C483B7 /* Release */ = {
			isa = XCBuildConfiguration;
			buildSettings = {
				ASSETCATALOG_COMPILER_APPICON_NAME = AppIcon;
				FRAMEWORK_SEARCH_PATHS = (
					"$(inherited)",
					"$(PROJECT_DIR)/CupSite/GoogleMaps",
				);
				INFOPLIST_FILE = CupSite/Info.plist;
				LD_RUNPATH_SEARCH_PATHS = "$(inherited) @executable_path/Frameworks";
				PRODUCT_NAME = "$(TARGET_NAME)";
			};
			name = Release;
		};
		8BD548681A9393F500C483B7 /* Debug */ = {
			isa = XCBuildConfiguration;
			buildSettings = {
				BUNDLE_LOADER = "$(TEST_HOST)";
				FRAMEWORK_SEARCH_PATHS = (
					"$(SDKROOT)/Developer/Library/Frameworks",
					"$(inherited)",
				);
				GCC_PREPROCESSOR_DEFINITIONS = (
					"DEBUG=1",
					"$(inherited)",
				);
				INFOPLIST_FILE = CupSiteTests/Info.plist;
				LD_RUNPATH_SEARCH_PATHS = "$(inherited) @executable_path/Frameworks @loader_path/Frameworks";
				PRODUCT_NAME = "$(TARGET_NAME)";
				TEST_HOST = "$(BUILT_PRODUCTS_DIR)/CupSite.app/CupSite";
			};
			name = Debug;
		};
		8BD548691A9393F500C483B7 /* Release */ = {
			isa = XCBuildConfiguration;
			buildSettings = {
				BUNDLE_LOADER = "$(TEST_HOST)";
				FRAMEWORK_SEARCH_PATHS = (
					"$(SDKROOT)/Developer/Library/Frameworks",
					"$(inherited)",
				);
				INFOPLIST_FILE = CupSiteTests/Info.plist;
				LD_RUNPATH_SEARCH_PATHS = "$(inherited) @executable_path/Frameworks @loader_path/Frameworks";
				PRODUCT_NAME = "$(TARGET_NAME)";
				TEST_HOST = "$(BUILT_PRODUCTS_DIR)/CupSite.app/CupSite";
			};
			name = Release;
		};
/* End XCBuildConfiguration section */

/* Begin XCConfigurationList section */
		8BD548391A9393F300C483B7 /* Build configuration list for PBXProject "CupSite" */ = {
			isa = XCConfigurationList;
			buildConfigurations = (
				8BD548621A9393F500C483B7 /* Debug */,
				8BD548631A9393F500C483B7 /* Release */,
			);
			defaultConfigurationIsVisible = 0;
			defaultConfigurationName = Release;
		};
		8BD548641A9393F500C483B7 /* Build configuration list for PBXNativeTarget "CupSite" */ = {
			isa = XCConfigurationList;
			buildConfigurations = (
				8BD548651A9393F500C483B7 /* Debug */,
				8BD548661A9393F500C483B7 /* Release */,
			);
			defaultConfigurationIsVisible = 0;
		};
		8BD548671A9393F500C483B7 /* Build configuration list for PBXNativeTarget "CupSiteTests" */ = {
			isa = XCConfigurationList;
			buildConfigurations = (
				8BD548681A9393F500C483B7 /* Debug */,
				8BD548691A9393F500C483B7 /* Release */,
			);
			defaultConfigurationIsVisible = 0;
		};
/* End XCConfigurationList section */

/* Begin XCVersionGroup section */
		8BD548481A9393F400C483B7 /* CupSite.xcdatamodeld */ = {
			isa = XCVersionGroup;
			children = (
				8BD548491A9393F400C483B7 /* CupSite.xcdatamodel */,
			);
			currentVersion = 8BD548491A9393F400C483B7 /* CupSite.xcdatamodel */;
			path = CupSite.xcdatamodeld;
			sourceTree = "<group>";
			versionGroupType = wrapper.xcdatamodel;
		};
/* End XCVersionGroup section */
	};
	rootObject = 8BD548361A9393F300C483B7 /* Project object */;
}
