// !$*UTF8*$!
{
	archiveVersion = 1;
	classes = {
	};
	objectVersion = 46;
	objects = {

/* Begin PBXBuildFile section */
		8BD548441A9393F400C483B7 /* main.m in Sources */ = {isa = PBXBuildFile; fileRef = 8BD548431A9393F400C483B7 /* main.m */; };
		8BD548471A9393F400C483B7 /* AppDelegate.m in Sources */ = {isa = PBXBuildFile; fileRef = 8BD548461A9393F400C483B7 /* AppDelegate.m */; };
		8BD5484A1A9393F400C483B7 /* CupSite.xcdatamodeld in Sources */ = {isa = PBXBuildFile; fileRef = 8BD548481A9393F400C483B7 /* CupSite.xcdatamodeld */; };
		8BD5484D1A9393F400C483B7 /* ViewController.m in Sources */ = {isa = PBXBuildFile; fileRef = 8BD5484C1A9393F400C483B7 /* ViewController.m */; };
		8BD548501A9393F400C483B7 /* Main.storyboard in Resources */ = {isa = PBXBuildFile; fileRef = 8BD5484E1A9393F400C483B7 /* Main.storyboard */; };
		8BD548521A9393F400C483B7 /* Images.xcassets in Resources */ = {isa = PBXBuildFile; fileRef = 8BD548511A9393F400C483B7 /* Images.xcassets */; };
		8BD548551A9393F400C483B7 /* LaunchScreen.xib in Resources */ = {isa = PBXBuildFile; fileRef = 8BD548531A9393F400C483B7 /* LaunchScreen.xib */; };
		8BD548611A9393F400C483B7 /* CupSiteTests.m in Sources */ = {isa = PBXBuildFile; fileRef = 8BD548601A9393F400C483B7 /* CupSiteTests.m */; };
		8BD5486C1A94294B00C483B7 /* HomeTable.m in Sources */ = {isa = PBXBuildFile; fileRef = 8BD5486B1A94294A00C483B7 /* HomeTable.m */; };
		8BD5486F1A94298100C483B7 /* CellTable.m in Sources */ = {isa = PBXBuildFile; fileRef = 8BD5486E1A94298100C483B7 /* CellTable.m */; };
		8BD5488D1A942DDC00C483B7 /* img_antro.jpg in Resources */ = {isa = PBXBuildFile; fileRef = 8BD5488C1A942DDC00C483B7 /* img_antro.jpg */; };
		8BD5488F1A94300700C483B7 /* img_antro2.jpg in Resources */ = {isa = PBXBuildFile; fileRef = 8BD5488E1A94300700C483B7 /* img_antro2.jpg */; };
/* End PBXBuildFile section */

/* Begin PBXContainerItemProxy section */
		8BD5485B1A9393F400C483B7 /* PBXContainerItemProxy */ = {
			isa = PBXContainerItemProxy;
			containerPortal = 8BD548361A9393F300C483B7 /* Project object */;
			proxyType = 1;
			remoteGlobalIDString = 8BD5483D1A9393F300C483B7;
			remoteInfo = CupSite;
		};
/* End PBXContainerItemProxy section */

/* Begin PBXFileReference section */
		8BD5483E1A9393F400C483B7 /* CupSite.app */ = {isa = PBXFileReference; explicitFileType = wrapper.application; includeInIndex = 0; path = CupSite.app; sourceTree = BUILT_PRODUCTS_DIR; };
		8BD548421A9393F400C483B7 /* Info.plist */ = {isa = PBXFileReference; lastKnownFileType = text.plist.xml; path = Info.plist; sourceTree = "<group>"; };
		8BD548431A9393F400C483B7 /* main.m */ = {isa = PBXFileReference; lastKnownFileType = sourcecode.c.objc; path = main.m; sourceTree = "<group>"; };
		8BD548451A9393F400C483B7 /* AppDelegate.h */ = {isa = PBXFileReference; lastKnownFileType = sourcecode.c.h; path = AppDelegate.h; sourceTree = "<group>"; };
		8BD548461A9393F400C483B7 /* AppDelegate.m */ = {isa = PBXFileReference; lastKnownFileType = sourcecode.c.objc; path = AppDelegate.m; sourceTree = "<group>"; };
		8BD548491A9393F400C483B7 /* CupSite.xcdatamodel */ = {isa = PBXFileReference; lastKnownFileType = wrapper.xcdatamodel; path = CupSite.xcdatamodel; sourceTree = "<group>"; };
		8BD5484B1A9393F400C483B7 /* ViewController.h */ = {isa = PBXFileReference; lastKnownFileType = sourcecode.c.h; path = ViewController.h; sourceTree = "<group>"; };
		8BD5484C1A9393F400C483B7 /* ViewController.m */ = {isa = PBXFileReference; lastKnownFileType = sourcecode.c.objc; path = ViewController.m; sourceTree = "<group>"; };
		8BD5484F1A9393F400C483B7 /* Base */ = {isa = PBXFileReference; lastKnownFileType = file.storyboard; name = Base; path = Base.lproj/Main.storyboard; sourceTree = "<group>"; };
		8BD548511A9393F400C483B7 /* Images.xcassets */ = {isa = PBXFileReference; lastKnownFileType = folder.assetcatalog; path = Images.xcassets; sourceTree = "<group>"; };
		8BD548541A9393F400C483B7 /* Base */ = {isa = PBXFileReference; lastKnownFileType = file.xib; name = Base; path = Base.lproj/LaunchScreen.xib; sourceTree = "<group>"; };
		8BD5485A1A9393F400C483B7 /* CupSiteTests.xctest */ = {isa = PBXFileReference; explicitFileType = wrapper.cfbundle; includeInIndex = 0; path = CupSiteTests.xctest; sourceTree = BUILT_PRODUCTS_DIR; };
		8BD5485F1A9393F400C483B7 /* Info.plist */ = {isa = PBXFileReference; lastKnownFileType = text.plist.xml; path = Info.plist; sourceTree = "<group>"; };
		8BD548601A9393F400C483B7 /* CupSiteTests.m */ = {isa = PBXFileReference; lastKnownFileType = sourcecode.c.objc; path = CupSiteTests.m; sourceTree = "<group>"; };
		8BD5486A1A94294A00C483B7 /* HomeTable.h */ = {isa = PBXFileReference; fileEncoding = 4; lastKnownFileType = sourcecode.c.h; path = HomeTable.h; sourceTree = "<group>"; };
		8BD5486B1A94294A00C483B7 /* HomeTable.m */ = {isa = PBXFileReference; fileEncoding = 4; lastKnownFileType = sourcecode.c.objc; path = HomeTable.m; sourceTree = "<group>"; };
		8BD5486D1A94298100C483B7 /* CellTable.h */ = {isa = PBXFileReference; fileEncoding = 4; lastKnownFileType = sourcecode.c.h; path = CellTable.h; sourceTree = "<group>"; };
		8BD5486E1A94298100C483B7 /* CellTable.m */ = {isa = PBXFileReference; fileEncoding = 4; lastKnownFileType = sourcecode.c.objc; path = CellTable.m; sourceTree = "<group>"; };
		8BD5488C1A942DDC00C483B7 /* img_antro.jpg */ = {isa = PBXFileReference; lastKnownFileType = image.jpeg; path = img_antro.jpg; sourceTree = SOURCE_ROOT; };
		8BD5488E1A94300700C483B7 /* img_antro2.jpg */ = {isa = PBXFileReference; lastKnownFileType = image.jpeg; path = img_antro2.jpg; sourceTree = SOURCE_ROOT; };
/* End PBXFileReference section */

/* Begin PBXFrameworksBuildPhase section */
		8BD5483B1A9393F300C483B7 /* Frameworks */ = {
			isa = PBXFrameworksBuildPhase;
			buildActionMask = 2147483647;
			files = (
			);
			runOnlyForDeploymentPostprocessing = 0;
		};
		8BD548571A9393F400C483B7 /* Frameworks */ = {
			isa = PBXFrameworksBuildPhase;
			buildActionMask = 2147483647;
			files = (
			);
			runOnlyForDeploymentPostprocessing = 0;
		};
/* End PBXFrameworksBuildPhase section */

/* Begin PBXGroup section */
		8BD548351A9393F300C483B7 = {
			isa = PBXGroup;
			children = (
				8BD548401A9393F400C483B7 /* CupSite */,
				8BD5485D1A9393F400C483B7 /* CupSiteTests */,
				8BD5483F1A9393F400C483B7 /* Products */,
			);
			sourceTree = "<group>";
		};
		8BD5483F1A9393F400C483B7 /* Products */ = {
			isa = PBXGroup;
			children = (
				8BD5483E1A9393F400C483B7 /* CupSite.app */,
				8BD5485A1A9393F400C483B7 /* CupSiteTests.xctest */,
			);
			name = Products;
			sourceTree = "<group>";
		};
		8BD548401A9393F400C483B7 /* CupSite */ = {
			isa = PBXGroup;
			children = (
				8BD5488E1A94300700C483B7 /* img_antro2.jpg */,
				8BD5488C1A942DDC00C483B7 /* img_antro.jpg */,
				8BD548451A9393F400C483B7 /* AppDelegate.h */,
				8BD548461A9393F400C483B7 /* AppDelegate.m */,
				8BD5486A1A94294A00C483B7 /* HomeTable.h */,
				8BD5486B1A94294A00C483B7 /* HomeTable.m */,
				8BD5486D1A94298100C483B7 /* CellTable.h */,
				8BD5486E1A94298100C483B7 /* CellTable.m */,
				8BD5484B1A9393F400C483B7 /* ViewController.h */,
				8BD5484C1A9393F400C483B7 /* ViewController.m */,
				8BD5484E1A9393F400C483B7 /* Main.storyboard */,
				8BD548511A9393F400C483B7 /* Images.xcassets */,
				8BD548531A9393F400C483B7 /* LaunchScreen.xib */,
				8BD548481A9393F400C483B7 /* CupSite.xcdatamodeld */,
				8BD548411A9393F400C483B7 /* Supporting Files */,
			);
			path = CupSite;
			sourceTree = "<group>";
		};
		8BD548411A9393F400C483B7 /* Supporting Files */ = {
			isa = PBXGroup;
			children = (
				8BD548421A9393F400C483B7 /* Info.plist */,
				8BD548431A9393F400C483B7 /* main.m */,
			);
			name = "Supporting Files";
			sourceTree = "<group>";
		};
		8BD5485D1A9393F400C483B7 /* CupSiteTests */ = {
			isa = PBXGroup;
			children = (
				8BD548601A9393F400C483B7 /* CupSiteTests.m */,
				8BD5485E1A9393F400C483B7 /* Supporting Files */,
			);
			path = CupSiteTests;
			sourceTree = "<group>";
		};
		8BD5485E1A9393F400C483B7 /* Supporting Files */ = {
			isa = PBXGroup;
			children = (
				8BD5485F1A9393F400C483B7 /* Info.plist */,
			);
			name = "Supporting Files";
			sourceTree = "<group>";
		};
/* End PBXGroup section */

/* Begin PBXNativeTarget section */
		8BD5483D1A9393F300C483B7 /* CupSite */ = {
			isa = PBXNativeTarget;
			buildConfigurationList = 8BD548641A9393F500C483B7 /* Build configuration list for PBXNativeTarget "CupSite" */;
			buildPhases = (
				8BD5483A1A9393F300C483B7 /* Sources */,
				8BD5483B1A9393F300C483B7 /* Frameworks */,
				8BD5483C1A9393F300C483B7 /* Resources */,
			);
			buildRules = (
			);
			dependencies = (
			);
			name = CupSite;
			productName = CupSite;
			productReference = 8BD5483E1A9393F400C483B7 /* CupSite.app */;
			productType = "com.apple.product-type.application";
		};
		8BD548591A9393F400C483B7 /* CupSiteTests */ = {
			isa = PBXNativeTarget;
			buildConfigurationList = 8BD548671A9393F500C483B7 /* Build configuration list for PBXNativeTarget "CupSiteTests" */;
			buildPhases = (
				8BD548561A9393F400C483B7 /* Sources */,
				8BD548571A9393F400C483B7 /* Frameworks */,
				8BD548581A9393F400C483B7 /* Resources */,
			);
			buildRules = (
			);
			dependencies = (
				8BD5485C1A9393F400C483B7 /* PBXTargetDependency */,
			);
			name = CupSiteTests;
			productName = CupSiteTests;
			productReference = 8BD5485A1A9393F400C483B7 /* CupSiteTests.xctest */;
			productType = "com.apple.product-type.bundle.unit-test";
		};
/* End PBXNativeTarget section */

/* Begin PBXProject section */
		8BD548361A9393F300C483B7 /* Project object */ = {
			isa = PBXProject;
			attributes = {
				LastUpgradeCheck = 0610;
				ORGANIZATIONNAME = Benjas;
				TargetAttributes = {
					8BD5483D1A9393F300C483B7 = {
						CreatedOnToolsVersion = 6.1.1;
					};
					8BD548591A9393F400C483B7 = {
						CreatedOnToolsVersion = 6.1.1;
						TestTargetID = 8BD5483D1A9393F300C483B7;
					};
				};
			};
			buildConfigurationList = 8BD548391A9393F300C483B7 /* Build configuration list for PBXProject "CupSite" */;
			compatibilityVersion = "Xcode 3.2";
			developmentRegion = English;
			hasScannedForEncodings = 0;
			knownRegions = (
				en,
				Base,
			);
			mainGroup = 8BD548351A9393F300C483B7;
			productRefGroup = 8BD5483F1A9393F400C483B7 /* Products */;
			projectDirPath = "";
			projectRoot = "";
			targets = (
				8BD5483D1A9393F300C483B7 /* CupSite */,
				8BD548591A9393F400C483B7 /* CupSiteTests */,
			);
		};
/* End PBXProject section */

/* Begin PBXResourcesBuildPhase section */
		8BD5483C1A9393F300C483B7 /* Resources */ = {
			isa = PBXResourcesBuildPhase;
			buildActionMask = 2147483647;
			files = (
				8BD5488D1A942DDC00C483B7 /* img_antro.jpg in Resources */,
				8BD548501A9393F400C483B7 /* Main.storyboard in Resources */,
				8BD5488F1A94300700C483B7 /* img_antro2.jpg in Resources */,
				8BD548551A9393F400C483B7 /* LaunchScreen.xib in Resources */,
				8BD548521A9393F400C483B7 /* Images.xcassets in Resources */,
			);
			runOnlyForDeploymentPostprocessing = 0;
		};
		8BD548581A9393F400C483B7 /* Resources */ = {
			isa = PBXResourcesBuildPhase;
			buildActionMask = 2147483647;
			files = (
			);
			runOnlyForDeploymentPostprocessing = 0;
		};
/* End PBXResourcesBuildPhase section */

/* Begin PBXSourcesBuildPhase section */
		8BD5483A1A9393F300C483B7 /* Sources */ = {
			isa = PBXSourcesBuildPhase;
			buildActionMask = 2147483647;
			files = (
				8BD548471A9393F400C483B7 /* AppDelegate.m in Sources */,
				8BD548441A9393F400C483B7 /* main.m in Sources */,
				8BD5486F1A94298100C483B7 /* CellTable.m in Sources */,
				8BD5484D1A9393F400C483B7 /* ViewController.m in Sources */,
				8BD5486C1A94294B00C483B7 /* HomeTable.m in Sources */,
				8BD5484A1A9393F400C483B7 /* CupSite.xcdatamodeld in Sources */,
			);
			runOnlyForDeploymentPostprocessing = 0;
		};
		8BD548561A9393F400C483B7 /* Sources */ = {
			isa = PBXSourcesBuildPhase;
			buildActionMask = 2147483647;
			files = (
				8BD548611A9393F400C483B7 /* CupSiteTests.m in Sources */,
			);
			runOnlyForDeploymentPostprocessing = 0;
		};
/* End PBXSourcesBuildPhase section */

/* Begin PBXTargetDependency section */
		8BD5485C1A9393F400C483B7 /* PBXTargetDependency */ = {
			isa = PBXTargetDependency;
			target = 8BD5483D1A9393F300C483B7 /* CupSite */;
			targetProxy = 8BD5485B1A9393F400C483B7 /* PBXContainerItemProxy */;
		};
/* End PBXTargetDependency section */

/* Begin PBXVariantGroup section */
		8BD5484E1A9393F400C483B7 /* Main.storyboard */ = {
			isa = PBXVariantGroup;
			children = (
				8BD5484F1A9393F400C483B7 /* Base */,
			);
			name = Main.storyboard;
			sourceTree = "<group>";
		};
		8BD548531A9393F400C483B7 /* LaunchScreen.xib */ = {
			isa = PBXVariantGroup;
			children = (
				8BD548541A9393F400C483B7 /* Base */,
			);
			name = LaunchScreen.xib;
			sourceTree = "<group>";
		};
/* End PBXVariantGroup section */

/* Begin XCBuildConfiguration section */
		8BD548621A9393F500C483B7 /* Debug */ = {
			isa = XCBuildConfiguration;
			buildSettings = {
				ALWAYS_SEARCH_USER_PATHS = NO;
				CLANG_CXX_LANGUAGE_STANDARD = "gnu++0x";
				CLANG_CXX_LIBRARY = "libc++";
				CLANG_ENABLE_MODULES = YES;
				CLANG_ENABLE_OBJC_ARC = YES;
				CLANG_WARN_BOOL_CONVERSION = YES;
				CLANG_WARN_CONSTANT_CONVERSION = YES;
				CLANG_WARN_DIRECT_OBJC_ISA_USAGE = YES_ERROR;
				CLANG_WARN_EMPTY_BODY = YES;
				CLANG_WARN_ENUM_CONVERSION = YES;
				CLANG_WARN_INT_CONVERSION = YES;
				CLANG_WARN_OBJC_ROOT_CLASS = YES_ERROR;
				CLANG_WARN_UNREACHABLE_CODE = YES;
				CLANG_WARN__DUPLICATE_METHOD_MATCH = YES;
				"CODE_SIGN_IDENTITY[sdk=iphoneos*]" = "iPhone Developer";
				COPY_PHASE_STRIP = NO;
				ENABLE_STRICT_OBJC_MSGSEND = YES;
				GCC_C_LANGUAGE_STANDARD = gnu99;
				GCC_DYNAMIC_NO_PIC = NO;
				GCC_OPTIMIZATION_LEVEL = 0;
				GCC_PREPROCESSOR_DEFINITIONS = (
					"DEBUG=1",
					"$(inherited)",
				);
				GCC_SYMBOLS_PRIVATE_EXTERN = NO;
				GCC_WARN_64_TO_32_BIT_CONVERSION = YES;
				GCC_WARN_ABOUT_RETURN_TYPE = YES_ERROR;
				GCC_WARN_UNDECLARED_SELECTOR = YES;
				GCC_WARN_UNINITIALIZED_AUTOS = YES_AGGRESSIVE;
				GCC_WARN_UNUSED_FUNCTION = YES;
				GCC_WARN_UNUSED_VARIABLE = YES;
				IPHONEOS_DEPLOYMENT_TARGET = 8.1;
				MTL_ENABLE_DEBUG_INFO = YES;
				ONLY_ACTIVE_ARCH = YES;
				SDKROOT = iphoneos;
				TARGETED_DEVICE_FAMILY = "1,2";
			};
			name = Debug;
		};
		8BD548631A9393F500C483B7 /* Release */ = {
			isa = XCBuildConfiguration;
			buildSettings = {
				ALWAYS_SEARCH_USER_PATHS = NO;
				CLANG_CXX_LANGUAGE_STANDARD = "gnu++0x";
				CLANG_CXX_LIBRARY = "libc++";
				CLANG_ENABLE_MODULES = YES;
				CLANG_ENABLE_OBJC_ARC = YES;
				CLANG_WARN_BOOL_CONVERSION = YES;
				CLANG_WARN_CONSTANT_CONVERSION = YES;
				CLANG_WARN_DIRECT_OBJC_ISA_USAGE = YES_ERROR;
				CLANG_WARN_EMPTY_BODY = YES;
				CLANG_WARN_ENUM_CONVERSION = YES;
				CLANG_WARN_INT_CONVERSION = YES;
				CLANG_WARN_OBJC_ROOT_CLASS = YES_ERROR;
				CLANG_WARN_UNREACHABLE_CODE = YES;
				CLANG_WARN__DUPLICATE_METHOD_MATCH = YES;
				"CODE_SIGN_IDENTITY[sdk=iphoneos*]" = "iPhone Developer";
				COPY_PHASE_STRIP = YES;
				ENABLE_NS_ASSERTIONS = NO;
				ENABLE_STRICT_OBJC_MSGSEND = YES;
				GCC_C_LANGUAGE_STANDARD = gnu99;
				GCC_WARN_64_TO_32_BIT_CONVERSION = YES;
				GCC_WARN_ABOUT_RETURN_TYPE = YES_ERROR;
				GCC_WARN_UNDECLARED_SELECTOR = YES;
				GCC_WARN_UNINITIALIZED_AUTOS = YES_AGGRESSIVE;
				GCC_WARN_UNUSED_FUNCTION = YES;
				GCC_WARN_UNUSED_VARIABLE = YES;
				IPHONEOS_DEPLOYMENT_TARGET = 8.1;
				MTL_ENABLE_DEBUG_INFO = NO;
				SDKROOT = iphoneos;
				TARGETED_DEVICE_FAMILY = "1,2";
				VALIDATE_PRODUCT = YES;
			};
			name = Release;
		};
		8BD548651A9393F500C483B7 /* Debug */ = {
			isa = XCBuildConfiguration;
			buildSettings = {
				ASSETCATALOG_COMPILER_APPICON_NAME = AppIcon;
				INFOPLIST_FILE = CupSite/Info.plist;
				LD_RUNPATH_SEARCH_PATHS = "$(inherited) @executable_path/Frameworks";
				PRODUCT_NAME = "$(TARGET_NAME)";
			};
			name = Debug;
		};
		8BD548661A9393F500C483B7 /* Release */ = {
			isa = XCBuildConfiguration;
			buildSettings = {
				ASSETCATALOG_COMPILER_APPICON_NAME = AppIcon;
				INFOPLIST_FILE = CupSite/Info.plist;
				LD_RUNPATH_SEARCH_PATHS = "$(inherited) @executable_path/Frameworks";
				PRODUCT_NAME = "$(TARGET_NAME)";
			};
			name = Release;
		};
		8BD548681A9393F500C483B7 /* Debug */ = {
			isa = XCBuildConfiguration;
			buildSettings = {
				BUNDLE_LOADER = "$(TEST_HOST)";
				FRAMEWORK_SEARCH_PATHS = (
					"$(SDKROOT)/Developer/Library/Frameworks",
					"$(inherited)",
				);
				GCC_PREPROCESSOR_DEFINITIONS = (
					"DEBUG=1",
					"$(inherited)",
				);
				INFOPLIST_FILE = CupSiteTests/Info.plist;
				LD_RUNPATH_SEARCH_PATHS = "$(inherited) @executable_path/Frameworks @loader_path/Frameworks";
				PRODUCT_NAME = "$(TARGET_NAME)";
				TEST_HOST = "$(BUILT_PRODUCTS_DIR)/CupSite.app/CupSite";
			};
			name = Debug;
		};
		8BD548691A9393F500C483B7 /* Release */ = {
			isa = XCBuildConfiguration;
			buildSettings = {
				BUNDLE_LOADER = "$(TEST_HOST)";
				FRAMEWORK_SEARCH_PATHS = (
					"$(SDKROOT)/Developer/Library/Frameworks",
					"$(inherited)",
				);
				INFOPLIST_FILE = CupSiteTests/Info.plist;
				LD_RUNPATH_SEARCH_PATHS = "$(inherited) @executable_path/Frameworks @loader_path/Frameworks";
				PRODUCT_NAME = "$(TARGET_NAME)";
				TEST_HOST = "$(BUILT_PRODUCTS_DIR)/CupSite.app/CupSite";
			};
			name = Release;
		};
/* End XCBuildConfiguration section */

/* Begin XCConfigurationList section */
		8BD548391A9393F300C483B7 /* Build configuration list for PBXProject "CupSite" */ = {
			isa = XCConfigurationList;
			buildConfigurations = (
				8BD548621A9393F500C483B7 /* Debug */,
				8BD548631A9393F500C483B7 /* Release */,
			);
			defaultConfigurationIsVisible = 0;
			defaultConfigurationName = Release;
		};
		8BD548641A9393F500C483B7 /* Build configuration list for PBXNativeTarget "CupSite" */ = {
			isa = XCConfigurationList;
			buildConfigurations = (
				8BD548651A9393F500C483B7 /* Debug */,
				8BD548661A9393F500C483B7 /* Release */,
			);
			defaultConfigurationIsVisible = 0;
		};
		8BD548671A9393F500C483B7 /* Build configuration list for PBXNativeTarget "CupSiteTests" */ = {
			isa = XCConfigurationList;
			buildConfigurations = (
				8BD548681A9393F500C483B7 /* Debug */,
				8BD548691A9393F500C483B7 /* Release */,
			);
			defaultConfigurationIsVisible = 0;
		};
/* End XCConfigurationList section */

/* Begin XCVersionGroup section */
		8BD548481A9393F400C483B7 /* CupSite.xcdatamodeld */ = {
			isa = XCVersionGroup;
			children = (
				8BD548491A9393F400C483B7 /* CupSite.xcdatamodel */,
			);
			currentVersion = 8BD548491A9393F400C483B7 /* CupSite.xcdatamodel */;
			path = CupSite.xcdatamodeld;
			sourceTree = "<group>";
			versionGroupType = wrapper.xcdatamodel;
		};
/* End XCVersionGroup section */
	};
	rootObject = 8BD548361A9393F300C483B7 /* Project object */;
}
